
Microsoft Visual Studio Solution File, Format Version 12.00
# Visual Studio Version 16
VisualStudioVersion = 16.0.31624.102
MinimumVisualStudioVersion = 10.0.40219.1
Project("{FAE04EC0-301F-11D3-BF4B-00C04F79EFBC}") = "HelpDesk.UWP", "HelpDesk\HelpDesk.UWP\HelpDesk.UWP.csproj", "{DDAC2B2B-C2AA-447C-A112-CF76F591692A}"
EndProject
Project("{FAE04EC0-301F-11D3-BF4B-00C04F79EFBC}") = "HelpDesk.Android", "HelpDesk\HelpDesk.Android\HelpDesk.Android.csproj", "{36E631C4-E223-4D1A-83DA-7FC568982AEF}"
EndProject
Project("{FAE04EC0-301F-11D3-BF4B-00C04F79EFBC}") = "HelpDesk.iOS", "HelpDesk\HelpDesk.iOS\HelpDesk.iOS.csproj", "{4AED5C3D-9206-434E-B319-55B6408C91CA}"
EndProject
Project("{FAE04EC0-301F-11D3-BF4B-00C04F79EFBC}") = "HelpDesk", "HelpDesk\HelpDesk\HelpDesk.csproj", "{C7D66C1A-045B-4FB4-92B4-913BA20E118F}"
EndProject
Project("{2150E333-8FDC-42A3-9474-1A3956D46DE8}") = "Solution Items", "Solution Items", "{E0227298-4881-43E7-AC13-4A2F4B733EAB}"
EndProject
Global
	GlobalSection(SolutionConfigurationPlatforms) = preSolution
		Debug|Any CPU = Debug|Any CPU
		Debug|ARM = Debug|ARM
		Debug|iPhone = Debug|iPhone
		Debug|iPhoneSimulator = Debug|iPhoneSimulator
		Debug|x64 = Debug|x64
		Debug|x86 = Debug|x86
		Release|Any CPU = Release|Any CPU
		Release|ARM = Release|ARM
		Release|iPhone = Release|iPhone
		Release|iPhoneSimulator = Release|iPhoneSimulator
		Release|x64 = Release|x64
		Release|x86 = Release|x86
	EndGlobalSection
	GlobalSection(ProjectConfigurationPlatforms) = postSolution
		{DDAC2B2B-C2AA-447C-A112-CF76F591692A}.Debug|Any CPU.ActiveCfg = Debug|x86
		{DDAC2B2B-C2AA-447C-A112-CF76F591692A}.Debug|Any CPU.Build.0 = Debug|x86
		{DDAC2B2B-C2AA-447C-A112-CF76F591692A}.Debug|Any CPU.Deploy.0 = Debug|x86
		{DDAC2B2B-C2AA-447C-A112-CF76F591692A}.Debug|ARM.ActiveCfg = Debug|ARM
		{DDAC2B2B-C2AA-447C-A112-CF76F591692A}.Debug|ARM.Build.0 = Debug|ARM
		{DDAC2B2B-C2AA-447C-A112-CF76F591692A}.Debug|ARM.Deploy.0 = Debug|ARM
		{DDAC2B2B-C2AA-447C-A112-CF76F591692A}.Debug|iPhone.ActiveCfg = Debug|x86
		{DDAC2B2B-C2AA-447C-A112-CF76F591692A}.Debug|iPhone.Build.0 = Debug|x86
		{DDAC2B2B-C2AA-447C-A112-CF76F591692A}.Debug|iPhone.Deploy.0 = Debug|x86
		{DDAC2B2B-C2AA-447C-A112-CF76F591692A}.Debug|iPhoneSimulator.ActiveCfg = Debug|x86
		{DDAC2B2B-C2AA-447C-A112-CF76F591692A}.Debug|iPhoneSimulator.Build.0 = Debug|x86
		{DDAC2B2B-C2AA-447C-A112-CF76F591692A}.Debug|iPhoneSimulator.Deploy.0 = Debug|x86
		{DDAC2B2B-C2AA-447C-A112-CF76F591692A}.Debug|x64.ActiveCfg = Debug|x64
		{DDAC2B2B-C2AA-447C-A112-CF76F591692A}.Debug|x64.Build.0 = Debug|x64
		{DDAC2B2B-C2AA-447C-A112-CF76F591692A}.Debug|x64.Deploy.0 = Debug|x64
		{DDAC2B2B-C2AA-447C-A112-CF76F591692A}.Debug|x86.ActiveCfg = Debug|x86
		{DDAC2B2B-C2AA-447C-A112-CF76F591692A}.Debug|x86.Build.0 = Debug|x86
		{DDAC2B2B-C2AA-447C-A112-CF76F591692A}.Debug|x86.Deploy.0 = Debug|x86
		{DDAC2B2B-C2AA-447C-A112-CF76F591692A}.Release|Any CPU.ActiveCfg = Release|x86
		{DDAC2B2B-C2AA-447C-A112-CF76F591692A}.Release|Any CPU.Build.0 = Release|x86
		{DDAC2B2B-C2AA-447C-A112-CF76F591692A}.Release|Any CPU.Deploy.0 = Release|x86
		{DDAC2B2B-C2AA-447C-A112-CF76F591692A}.Release|ARM.ActiveCfg = Release|ARM
		{DDAC2B2B-C2AA-447C-A112-CF76F591692A}.Release|ARM.Build.0 = Release|ARM
		{DDAC2B2B-C2AA-447C-A112-CF76F591692A}.Release|ARM.Deploy.0 = Release|ARM
		{DDAC2B2B-C2AA-447C-A112-CF76F591692A}.Release|iPhone.ActiveCfg = Release|x86
		{DDAC2B2B-C2AA-447C-A112-CF76F591692A}.Release|iPhone.Build.0 = Release|x86
		{DDAC2B2B-C2AA-447C-A112-CF76F591692A}.Release|iPhone.Deploy.0 = Release|x86
		{DDAC2B2B-C2AA-447C-A112-CF76F591692A}.Release|iPhoneSimulator.ActiveCfg = Release|x86
		{DDAC2B2B-C2AA-447C-A112-CF76F591692A}.Release|iPhoneSimulator.Build.0 = Release|x86
		{DDAC2B2B-C2AA-447C-A112-CF76F591692A}.Release|iPhoneSimulator.Deploy.0 = Release|x86
		{DDAC2B2B-C2AA-447C-A112-CF76F591692A}.Release|x64.ActiveCfg = Release|x64
		{DDAC2B2B-C2AA-447C-A112-CF76F591692A}.Release|x64.Build.0 = Release|x64
		{DDAC2B2B-C2AA-447C-A112-CF76F591692A}.Release|x64.Deploy.0 = Release|x64
		{DDAC2B2B-C2AA-447C-A112-CF76F591692A}.Release|x86.ActiveCfg = Release|x86
		{DDAC2B2B-C2AA-447C-A112-CF76F591692A}.Release|x86.Build.0 = Release|x86
		{DDAC2B2B-C2AA-447C-A112-CF76F591692A}.Release|x86.Deploy.0 = Release|x86
		{36E631C4-E223-4D1A-83DA-7FC568982AEF}.Debug|Any CPU.ActiveCfg = Debug|Any CPU
		{36E631C4-E223-4D1A-83DA-7FC568982AEF}.Debug|Any CPU.Build.0 = Debug|Any CPU
		{36E631C4-E223-4D1A-83DA-7FC568982AEF}.Debug|Any CPU.Deploy.0 = Debug|Any CPU
		{36E631C4-E223-4D1A-83DA-7FC568982AEF}.Debug|ARM.ActiveCfg = Debug|Any CPU
		{36E631C4-E223-4D1A-83DA-7FC568982AEF}.Debug|ARM.Build.0 = Debug|Any CPU
		{36E631C4-E223-4D1A-83DA-7FC568982AEF}.Debug|ARM.Deploy.0 = Debug|Any CPU
		{36E631C4-E223-4D1A-83DA-7FC568982AEF}.Debug|iPhone.ActiveCfg = Debug|Any CPU
		{36E631C4-E223-4D1A-83DA-7FC568982AEF}.Debug|iPhone.Build.0 = Debug|Any CPU
		{36E631C4-E223-4D1A-83DA-7FC568982AEF}.Debug|iPhone.Deploy.0 = Debug|Any CPU
		{36E631C4-E223-4D1A-83DA-7FC568982AEF}.Debug|iPhoneSimulator.ActiveCfg = Debug|Any CPU
		{36E631C4-E223-4D1A-83DA-7FC568982AEF}.Debug|iPhoneSimulator.Build.0 = Debug|Any CPU
		{36E631C4-E223-4D1A-83DA-7FC568982AEF}.Debug|iPhoneSimulator.Deploy.0 = Debug|Any CPU
		{36E631C4-E223-4D1A-83DA-7FC568982AEF}.Debug|x64.ActiveCfg = Debug|Any CPU
		{36E631C4-E223-4D1A-83DA-7FC568982AEF}.Debug|x64.Build.0 = Debug|Any CPU
		{36E631C4-E223-4D1A-83DA-7FC568982AEF}.Debug|x64.Deploy.0 = Debug|Any CPU
		{36E631C4-E223-4D1A-83DA-7FC568982AEF}.Debug|x86.ActiveCfg = Debug|Any CPU
		{36E631C4-E223-4D1A-83DA-7FC568982AEF}.Debug|x86.Build.0 = Debug|Any CPU
		{36E631C4-E223-4D1A-83DA-7FC568982AEF}.Debug|x86.Deploy.0 = Debug|Any CPU
		{36E631C4-E223-4D1A-83DA-7FC568982AEF}.Release|Any CPU.ActiveCfg = Release|Any CPU
		{36E631C4-E223-4D1A-83DA-7FC568982AEF}.Release|Any CPU.Build.0 = Release|Any CPU
		{36E631C4-E223-4D1A-83DA-7FC568982AEF}.Release|Any CPU.Deploy.0 = Release|Any CPU
		{36E631C4-E223-4D1A-83DA-7FC568982AEF}.Release|ARM.ActiveCfg = Release|Any CPU
		{36E631C4-E223-4D1A-83DA-7FC568982AEF}.Release|ARM.Build.0 = Release|Any CPU
		{36E631C4-E223-4D1A-83DA-7FC568982AEF}.Release|ARM.Deploy.0 = Release|Any CPU
		{36E631C4-E223-4D1A-83DA-7FC568982AEF}.Release|iPhone.ActiveCfg = Release|Any CPU
		{36E631C4-E223-4D1A-83DA-7FC568982AEF}.Release|iPhone.Build.0 = Release|Any CPU
		{36E631C4-E223-4D1A-83DA-7FC568982AEF}.Release|iPhone.Deploy.0 = Release|Any CPU
		{36E631C4-E223-4D1A-83DA-7FC568982AEF}.Release|iPhoneSimulator.ActiveCfg = Release|Any CPU
		{36E631C4-E223-4D1A-83DA-7FC568982AEF}.Release|iPhoneSimulator.Build.0 = Release|Any CPU
		{36E631C4-E223-4D1A-83DA-7FC568982AEF}.Release|iPhoneSimulator.Deploy.0 = Release|Any CPU
		{36E631C4-E223-4D1A-83DA-7FC568982AEF}.Release|x64.ActiveCfg = Release|Any CPU
		{36E631C4-E223-4D1A-83DA-7FC568982AEF}.Release|x64.Build.0 = Release|Any CPU
		{36E631C4-E223-4D1A-83DA-7FC568982AEF}.Release|x64.Deploy.0 = Release|Any CPU
		{36E631C4-E223-4D1A-83DA-7FC568982AEF}.Release|x86.ActiveCfg = Release|Any CPU
		{36E631C4-E223-4D1A-83DA-7FC568982AEF}.Release|x86.Build.0 = Release|Any CPU
		{36E631C4-E223-4D1A-83DA-7FC568982AEF}.Release|x86.Deploy.0 = Release|Any CPU
		{4AED5C3D-9206-434E-B319-55B6408C91CA}.Debug|Any CPU.ActiveCfg = Debug|iPhoneSimulator
		{4AED5C3D-9206-434E-B319-55B6408C91CA}.Debug|Any CPU.Build.0 = Debug|iPhoneSimulator
		{4AED5C3D-9206-434E-B319-55B6408C91CA}.Debug|Any CPU.Deploy.0 = Debug|iPhoneSimulator
		{4AED5C3D-9206-434E-B319-55B6408C91CA}.Debug|ARM.ActiveCfg = Debug|iPhone
		{4AED5C3D-9206-434E-B319-55B6408C91CA}.Debug|ARM.Build.0 = Debug|iPhone
		{4AED5C3D-9206-434E-B319-55B6408C91CA}.Debug|ARM.Deploy.0 = Debug|iPhone
		{4AED5C3D-9206-434E-B319-55B6408C91CA}.Debug|iPhone.ActiveCfg = Debug|iPhone
		{4AED5C3D-9206-434E-B319-55B6408C91CA}.Debug|iPhone.Build.0 = Debug|iPhone
		{4AED5C3D-9206-434E-B319-55B6408C91CA}.Debug|iPhone.Deploy.0 = Debug|iPhone
		{4AED5C3D-9206-434E-B319-55B6408C91CA}.Debug|iPhoneSimulator.ActiveCfg = Debug|iPhoneSimulator
		{4AED5C3D-9206-434E-B319-55B6408C91CA}.Debug|iPhoneSimulator.Build.0 = Debug|iPhoneSimulator
		{4AED5C3D-9206-434E-B319-55B6408C91CA}.Debug|iPhoneSimulator.Deploy.0 = Debug|iPhoneSimulator
		{4AED5C3D-9206-434E-B319-55B6408C91CA}.Debug|x64.ActiveCfg = Debug|iPhoneSimulator
		{4AED5C3D-9206-434E-B319-55B6408C91CA}.Debug|x64.Build.0 = Debug|iPhoneSimulator
		{4AED5C3D-9206-434E-B319-55B6408C91CA}.Debug|x64.Deploy.0 = Debug|iPhoneSimulator
		{4AED5C3D-9206-434E-B319-55B6408C91CA}.Debug|x86.ActiveCfg = Debug|iPhoneSimulator
		{4AED5C3D-9206-434E-B319-55B6408C91CA}.Debug|x86.Build.0 = Debug|iPhoneSimulator
		{4AED5C3D-9206-434E-B319-55B6408C91CA}.Debug|x86.Deploy.0 = Debug|iPhoneSimulator
		{4AED5C3D-9206-434E-B319-55B6408C91CA}.Release|Any CPU.ActiveCfg = Release|iPhoneSimulator
		{4AED5C3D-9206-434E-B319-55B6408C91CA}.Release|Any CPU.Build.0 = Release|iPhoneSimulator
		{4AED5C3D-9206-434E-B319-55B6408C91CA}.Release|Any CPU.Deploy.0 = Release|iPhoneSimulator
		{4AED5C3D-9206-434E-B319-55B6408C91CA}.Release|ARM.ActiveCfg = Release|iPhoneSimulator
		{4AED5C3D-9206-434E-B319-55B6408C91CA}.Release|ARM.Build.0 = Release|iPhoneSimulator
		{4AED5C3D-9206-434E-B319-55B6408C91CA}.Release|ARM.Deploy.0 = Release|iPhoneSimulator
		{4AED5C3D-9206-434E-B319-55B6408C91CA}.Release|iPhone.ActiveCfg = Release|iPhone
		{4AED5C3D-9206-434E-B319-55B6408C91CA}.Release|iPhone.Build.0 = Release|iPhone
		{4AED5C3D-9206-434E-B319-55B6408C91CA}.Release|iPhone.Deploy.0 = Release|iPhone
		{4AED5C3D-9206-434E-B319-55B6408C91CA}.Release|iPhoneSimulator.ActiveCfg = Release|iPhoneSimulator
		{4AED5C3D-9206-434E-B319-55B6408C91CA}.Release|iPhoneSimulator.Build.0 = Release|iPhoneSimulator
		{4AED5C3D-9206-434E-B319-55B6408C91CA}.Release|iPhoneSimulator.Deploy.0 = Release|iPhoneSimulator
		{4AED5C3D-9206-434E-B319-55B6408C91CA}.Release|x64.ActiveCfg = Release|iPhoneSimulator
		{4AED5C3D-9206-434E-B319-55B6408C91CA}.Release|x64.Build.0 = Release|iPhoneSimulator
		{4AED5C3D-9206-434E-B319-55B6408C91CA}.Release|x64.Deploy.0 = Release|iPhoneSimulator
		{4AED5C3D-9206-434E-B319-55B6408C91CA}.Release|x86.ActiveCfg = Release|iPhoneSimulator
		{4AED5C3D-9206-434E-B319-55B6408C91CA}.Release|x86.Build.0 = Release|iPhoneSimulator
		{4AED5C3D-9206-434E-B319-55B6408C91CA}.Release|x86.Deploy.0 = Release|iPhoneSimulator
		{C7D66C1A-045B-4FB4-92B4-913BA20E118F}.Debug|Any CPU.ActiveCfg = Debug|Any CPU
		{C7D66C1A-045B-4FB4-92B4-913BA20E118F}.Debug|Any CPU.Build.0 = Debug|Any CPU
		{C7D66C1A-045B-4FB4-92B4-913BA20E118F}.Debug|Any CPU.Deploy.0 = Debug|Any CPU
		{C7D66C1A-045B-4FB4-92B4-913BA20E118F}.Debug|ARM.ActiveCfg = Debug|Any CPU
		{C7D66C1A-045B-4FB4-92B4-913BA20E118F}.Debug|ARM.Build.0 = Debug|Any CPU
		{C7D66C1A-045B-4FB4-92B4-913BA20E118F}.Debug|ARM.Deploy.0 = Debug|Any CPU
		{C7D66C1A-045B-4FB4-92B4-913BA20E118F}.Debug|iPhone.ActiveCfg = Debug|Any CPU
		{C7D66C1A-045B-4FB4-92B4-913BA20E118F}.Debug|iPhone.Build.0 = Debug|Any CPU
		{C7D66C1A-045B-4FB4-92B4-913BA20E118F}.Debug|iPhone.Deploy.0 = Debug|Any CPU
		{C7D66C1A-045B-4FB4-92B4-913BA20E118F}.Debug|iPhoneSimulator.ActiveCfg = Debug|Any CPU
		{C7D66C1A-045B-4FB4-92B4-913BA20E118F}.Debug|iPhoneSimulator.Build.0 = Debug|Any CPU
		{C7D66C1A-045B-4FB4-92B4-913BA20E118F}.Debug|iPhoneSimulator.Deploy.0 = Debug|Any CPU
		{C7D66C1A-045B-4FB4-92B4-913BA20E118F}.Debug|x64.ActiveCfg = Debug|Any CPU
		{C7D66C1A-045B-4FB4-92B4-913BA20E118F}.Debug|x64.Build.0 = Debug|Any CPU
		{C7D66C1A-045B-4FB4-92B4-913BA20E118F}.Debug|x64.Deploy.0 = Debug|Any CPU
		{C7D66C1A-045B-4FB4-92B4-913BA20E118F}.Debug|x86.ActiveCfg = Debug|Any CPU
		{C7D66C1A-045B-4FB4-92B4-913BA20E118F}.Debug|x86.Build.0 = Debug|Any CPU
		{C7D66C1A-045B-4FB4-92B4-913BA20E118F}.Debug|x86.Deploy.0 = Debug|Any CPU
		{C7D66C1A-045B-4FB4-92B4-913BA20E118F}.Release|Any CPU.ActiveCfg = Release|Any CPU
		{C7D66C1A-045B-4FB4-92B4-913BA20E118F}.Release|Any CPU.Build.0 = Release|Any CPU
		{C7D66C1A-045B-4FB4-92B4-913BA20E118F}.Release|Any CPU.Deploy.0 = Release|Any CPU
		{C7D66C1A-045B-4FB4-92B4-913BA20E118F}.Release|ARM.ActiveCfg = Release|Any CPU
		{C7D66C1A-045B-4FB4-92B4-913BA20E118F}.Release|ARM.Build.0 = Release|Any CPU
		{C7D66C1A-045B-4FB4-92B4-913BA20E118F}.Release|ARM.Deploy.0 = Release|Any CPU
		{C7D66C1A-045B-4FB4-92B4-913BA20E118F}.Release|iPhone.ActiveCfg = Release|Any CPU
		{C7D66C1A-045B-4FB4-92B4-913BA20E118F}.Release|iPhone.Build.0 = Release|Any CPU
		{C7D66C1A-045B-4FB4-92B4-913BA20E118F}.Release|iPhone.Deploy.0 = Release|Any CPU
		{C7D66C1A-045B-4FB4-92B4-913BA20E118F}.Release|iPhoneSimulator.ActiveCfg = Release|Any CPU
		{C7D66C1A-045B-4FB4-92B4-913BA20E118F}.Release|iPhoneSimulator.Build.0 = Release|Any CPU
		{C7D66C1A-045B-4FB4-92B4-913BA20E118F}.Release|iPhoneSimulator.Deploy.0 = Release|Any CPU
		{C7D66C1A-045B-4FB4-92B4-913BA20E118F}.Release|x64.ActiveCfg = Release|Any CPU
		{C7D66C1A-045B-4FB4-92B4-913BA20E118F}.Release|x64.Build.0 = Release|Any CPU
		{C7D66C1A-045B-4FB4-92B4-913BA20E118F}.Release|x64.Deploy.0 = Release|Any CPU
		{C7D66C1A-045B-4FB4-92B4-913BA20E118F}.Release|x86.ActiveCfg = Release|Any CPU
		{C7D66C1A-045B-4FB4-92B4-913BA20E118F}.Release|x86.Build.0 = Release|Any CPU
		{C7D66C1A-045B-4FB4-92B4-913BA20E118F}.Release|x86.Deploy.0 = Release|Any CPU
	EndGlobalSection
	GlobalSection(SolutionProperties) = preSolution
		HideSolutionNode = FALSE
	EndGlobalSection
	GlobalSection(ExtensibilityGlobals) = postSolution
		SolutionGuid = {7DEFB983-ABA6-4368-BD6B-F0F243FABBD3}
	EndGlobalSection
EndGlobal
